
Microsoft Visual Studio Solution File, Format Version 12.00
# Visual Studio Version 17
VisualStudioVersion = 17.4.33110.190
MinimumVisualStudioVersion = 10.0.40219.1
Project("{FAE04EC0-301F-11D3-BF4B-00C04F79EFBC}") = "UC1BST-CreateBST", "UC1BST-CreateBST.csproj", "{065CFB20-B8AB-4ED6-87FE-D535DA11482F}"
EndProject
Global
	GlobalSection(SolutionConfigurationPlatforms) = preSolution
		Debug|Any CPU = Debug|Any CPU
		Release|Any CPU = Release|Any CPU
	EndGlobalSection
	GlobalSection(ProjectConfigurationPlatforms) = postSolution
		{065CFB20-B8AB-4ED6-87FE-D535DA11482F}.Debug|Any CPU.ActiveCfg = Debug|Any CPU
		{065CFB20-B8AB-4ED6-87FE-D535DA11482F}.Debug|Any CPU.Build.0 = Debug|Any CPU
		{065CFB20-B8AB-4ED6-87FE-D535DA11482F}.Release|Any CPU.ActiveCfg = Release|Any CPU
		{065CFB20-B8AB-4ED6-87FE-D535DA11482F}.Release|Any CPU.Build.0 = Release|Any CPU
	EndGlobalSection
	GlobalSection(SolutionProperties) = preSolution
		HideSolutionNode = FALSE
	EndGlobalSection
	GlobalSection(ExtensibilityGlobals) = postSolution
		SolutionGuid = {3C979BC4-A923-4C06-9BF1-EC90D8696376}
	EndGlobalSection
EndGlobal
